<?xml version="1.0" encoding="utf-8"?>
<Project ToolsVersion="4.0" xmlns="http://schemas.microsoft.com/developer/msbuild/2003">
  <ItemGroup>
    <Filter Include="소스 파일">
      <UniqueIdentifier>{4FC737F1-C7A5-4376-A066-2A32D752A2FF}</UniqueIdentifier>
      <Extensions>cpp;c;cc;cxx;c++;cppm;ixx;def;odl;idl;hpj;bat;asm;asmx</Extensions>
    </Filter>
    <Filter Include="헤더 파일">
      <UniqueIdentifier>{93995380-89BD-4b04-88EB-625FBE52EBFB}</UniqueIdentifier>
      <Extensions>h;hh;hpp;hxx;h++;hm;inl;inc;ipp;xsd</Extensions>
    </Filter>
    <Filter Include="리소스 파일">
      <UniqueIdentifier>{67DA6AB6-F800-4c08-8B7A-83BB121AAD01}</UniqueIdentifier>
      <Extensions>rc;ico;cur;bmp;dlg;rc2;rct;bin;rgs;gif;jpg;jpeg;jpe;resx;tiff;tif;png;wav;mfcribbon-ms</Extensions>
    </Filter>
    <Filter Include="02.Scene">
      <UniqueIdentifier>{eef03bf3-9cce-4548-af29-e2cdc13532d4}</UniqueIdentifier>
    </Filter>
    <Filter Include="02.Scene\02-1.SceneManager">
      <UniqueIdentifier>{db01c809-a852-4c18-9a4b-9baf81363792}</UniqueIdentifier>
    </Filter>
    <Filter Include="01.Core">
      <UniqueIdentifier>{95521699-3f21-458a-acf6-f7581a82b4e9}</UniqueIdentifier>
    </Filter>
    <Filter Include="01.Core\01-2_ShaderManager">
      <UniqueIdentifier>{8f5f75e5-b3db-4792-97bb-dbe449333461}</UniqueIdentifier>
    </Filter>
    <Filter Include="01.Core\01-1_Timer">
      <UniqueIdentifier>{49a61a59-f519-40d5-93aa-8c05a03b89a8}</UniqueIdentifier>
    </Filter>
    <Filter Include="01.Core\01-0_Core">
      <UniqueIdentifier>{e7077778-0744-488e-93ce-77f1942441ce}</UniqueIdentifier>
    </Filter>
    <Filter Include="01.Core\01-3_FileManager">
      <UniqueIdentifier>{dd00fc58-00f8-48fe-84cf-5cbb9983b67d}</UniqueIdentifier>
    </Filter>
    <Filter Include="01.Core\01-2_ShaderManager\glslFIle">
      <UniqueIdentifier>{e69ddf80-900c-4780-93ff-44b6a514746a}</UniqueIdentifier>
    </Filter>
    <Filter Include="02.Scene\02-2.Scene">
      <UniqueIdentifier>{6cf686fa-7ca2-44c1-9a0a-db118057f3b6}</UniqueIdentifier>
    </Filter>
    <Filter Include="03.Object">
      <UniqueIdentifier>{eccd36d7-194e-42bd-82c8-1a4111cb4056}</UniqueIdentifier>
    </Filter>
    <Filter Include="04.Camera">
      <UniqueIdentifier>{2609c71d-22fb-4a67-8eba-9f5056abf3a0}</UniqueIdentifier>
    </Filter>
    <Filter Include="05.Light">
      <UniqueIdentifier>{304fc8da-5486-4dfe-ba09-6f459669af40}</UniqueIdentifier>
    </Filter>
    <Filter Include="03.Object\03-1.Axis">
      <UniqueIdentifier>{f699ffbd-85fb-44ec-9185-4e78fdc7ed61}</UniqueIdentifier>
    </Filter>
    <Filter Include="03.Object\03-2 Airplane">
      <UniqueIdentifier>{60b72328-40b5-4f62-a209-312d88275af7}</UniqueIdentifier>
    </Filter>
    <Filter Include="03.Object\03-3.Monster">
      <UniqueIdentifier>{35ec1597-82ea-405c-8792-e889fede85fa}</UniqueIdentifier>
    </Filter>
    <Filter Include="03.Object\03-5 Triangle">
      <UniqueIdentifier>{ed630fd9-eb1f-419d-9e79-2c666a36cc09}</UniqueIdentifier>
    </Filter>
    <Filter Include="03.Object\03-6 Floor">
      <UniqueIdentifier>{68a9beda-4655-468e-b018-d429f140d133}</UniqueIdentifier>
    </Filter>
    <Filter Include="03.Object\03-7 Hexahedron">
      <UniqueIdentifier>{e34ad857-fff8-4704-ac6d-6de0247c7c14}</UniqueIdentifier>
    </Filter>
    <Filter Include="03.Object\03-4 Background">
      <UniqueIdentifier>{b499e59d-6990-4304-ba8b-433ea3a18de3}</UniqueIdentifier>
    </Filter>
    <Filter Include="06.Sound">
      <UniqueIdentifier>{42ef8f99-3b40-4b96-8376-729a026f3db6}</UniqueIdentifier>
    </Filter>
    <Filter Include="06.Sound\06-1.SoundManager">
      <UniqueIdentifier>{adb24658-245d-4bcf-acde-e65740e6052e}</UniqueIdentifier>
    </Filter>
    <Filter Include="03.Object\03-8 Bullet">
      <UniqueIdentifier>{5f3aa33f-41fe-4448-8d9b-7aeba2b8cfcf}</UniqueIdentifier>
    </Filter>
    <Filter Include="03.Object\03-9 Building">
      <UniqueIdentifier>{26d2f1e4-d282-4124-8251-65e2d0d03b45}</UniqueIdentifier>
    </Filter>
  </ItemGroup>
  <ItemGroup>
    <ClCompile Include="CoreFile\CCore.cpp">
      <Filter>01.Core\01-0_Core</Filter>
    </ClCompile>
    <ClCompile Include="CoreFile\TimerFile\Timer.cpp">
      <Filter>01.Core\01-1_Timer</Filter>
    </ClCompile>
    <ClCompile Include="CoreFile\ShaderManagerFile\ShaderManger.cpp">
      <Filter>01.Core\01-2_ShaderManager</Filter>
    </ClCompile>
    <ClCompile Include="CoreFile\FileManagerFile\FileManager.cpp">
      <Filter>01.Core\01-3_FileManager</Filter>
    </ClCompile>
    <ClCompile Include="SceneFile\SceneManager.cpp">
      <Filter>02.Scene\02-1.SceneManager</Filter>
    </ClCompile>
    <ClCompile Include="main.cpp">
      <Filter>소스 파일</Filter>
    </ClCompile>
    <ClCompile Include="SceneFile\Scene.cpp">
      <Filter>02.Scene\02-2.Scene</Filter>
    </ClCompile>
    <ClCompile Include="CameraFile\Camera.cpp">
      <Filter>04.Camera</Filter>
    </ClCompile>
    <ClCompile Include="LightFile\Light.cpp">
      <Filter>05.Light</Filter>
    </ClCompile>
    <ClCompile Include="ObjectFile\AxisFile\Axis.cpp">
      <Filter>03.Object\03-1.Axis</Filter>
    </ClCompile>
    <ClCompile Include="ObjectFile\AirplaneFile\Airplane.cpp">
      <Filter>03.Object\03-2 Airplane</Filter>
    </ClCompile>
    <ClCompile Include="ObjectFile\MonsterFile\Monster1.cpp">
      <Filter>03.Object\03-3.Monster</Filter>
    </ClCompile>
    <ClCompile Include="ObjectFile\BackgroundFile\Background.cpp">
      <Filter>03.Object\03-4 Background</Filter>
    </ClCompile>
    <ClCompile Include="ObjectFile\FloorFile\Floor.cpp">
      <Filter>03.Object\03-6 Floor</Filter>
    </ClCompile>
    <ClCompile Include="ObjectFile\TriangleFile\Triangle.cpp">
      <Filter>03.Object\03-5 Triangle</Filter>
    </ClCompile>
    <ClCompile Include="ObjectFile\HexaheronFile\hexahedron.cpp">
      <Filter>03.Object\03-7 Hexahedron</Filter>
    </ClCompile>
    <ClCompile Include="SoundFile\SoundManager.cpp">
      <Filter>06.Sound\06-1.SoundManager</Filter>
    </ClCompile>
    <ClCompile Include="ObjectFile\BulletFile\Bullet.cpp">
      <Filter>03.Object\03-8 Bullet</Filter>
    </ClCompile>
    <ClCompile Include="ObjectFile\BulletFile\BulletList.cpp">
      <Filter>03.Object\03-8 Bullet</Filter>
    </ClCompile>
    <ClCompile Include="ObjectFile\BuildingFile\Building1.cpp">
      <Filter>03.Object\03-9 Building</Filter>
    </ClCompile>
    <ClCompile Include="ObjectFile\BuildingFile\Building2.cpp">
      <Filter>03.Object\03-9 Building</Filter>
    </ClCompile>
    <ClCompile Include="ObjectFile\BuildingFile\Building3.cpp">
      <Filter>03.Object\03-9 Building</Filter>
    </ClCompile>
    <ClCompile Include="ObjectFile\MonsterFile\Monster2.cpp">
      <Filter>03.Object\03-3.Monster</Filter>
    </ClCompile>
    <ClCompile Include="ObjectFile\MonsterFile\Monster3.cpp">
      <Filter>03.Object\03-3.Monster</Filter>
    </ClCompile>
    <ClCompile Include="ObjectFile\MonsterFile\Ballon.cpp">
      <Filter>03.Object\03-3.Monster</Filter>
    </ClCompile>
    <ClCompile Include="ObjectFile\BuildingFile\MapManager.cpp">
      <Filter>03.Object\03-9 Building</Filter>
    </ClCompile>
    <ClCompile Include="ObjectFile\MonsterFile\MonsterManager.cpp">
      <Filter>03.Object\03-3.Monster</Filter>
    </ClCompile>
  </ItemGroup>
  <ItemGroup>
    <ClInclude Include="CoreFile\CCore.h">
      <Filter>01.Core\01-0_Core</Filter>
    </ClInclude>
    <ClInclude Include="CoreFile\TimerFile\Timer.h">
      <Filter>01.Core\01-1_Timer</Filter>
    </ClInclude>
    <ClInclude Include="CoreFile\ShaderManagerFile\ShaderManger.h">
      <Filter>01.Core\01-2_ShaderManager</Filter>
    </ClInclude>
    <ClInclude Include="CoreFile\FileManagerFile\FileManager.h">
      <Filter>01.Core\01-3_FileManager</Filter>
    </ClInclude>
    <ClInclude Include="SceneFile\SceneManager.h">
      <Filter>02.Scene\02-1.SceneManager</Filter>
    </ClInclude>
    <ClInclude Include="HeaderFile\Game.h">
      <Filter>헤더 파일</Filter>
    </ClInclude>
    <ClInclude Include="HeaderFile\Macro.h">
      <Filter>헤더 파일</Filter>
    </ClInclude>
    <ClInclude Include="HeaderFile\Types.h">
      <Filter>헤더 파일</Filter>
    </ClInclude>
    <ClInclude Include="SceneFile\Scene.h">
      <Filter>02.Scene\02-2.Scene</Filter>
    </ClInclude>
    <ClInclude Include="CameraFile\Camera.h">
      <Filter>04.Camera</Filter>
    </ClInclude>
    <ClInclude Include="LightFile\Light.h">
      <Filter>05.Light</Filter>
    </ClInclude>
    <ClInclude Include="ObjectFile\AxisFile\Axis.h">
      <Filter>03.Object\03-1.Axis</Filter>
    </ClInclude>
    <ClInclude Include="ObjectFile\AirplaneFile\Airplane.h">
      <Filter>03.Object\03-2 Airplane</Filter>
    </ClInclude>
    <ClInclude Include="HeaderFile\stb_image.h">
      <Filter>헤더 파일</Filter>
    </ClInclude>
    <ClInclude Include="ObjectFile\MonsterFile\Monster1.h">
      <Filter>03.Object\03-3.Monster</Filter>
    </ClInclude>
    <ClInclude Include="ObjectFile\BackgroundFile\Background.h">
      <Filter>03.Object\03-4 Background</Filter>
    </ClInclude>
    <ClInclude Include="ObjectFile\FloorFile\Floor.h">
      <Filter>03.Object\03-6 Floor</Filter>
    </ClInclude>
    <ClInclude Include="ObjectFile\TriangleFile\Triangle.h">
      <Filter>03.Object\03-5 Triangle</Filter>
    </ClInclude>
    <ClInclude Include="ObjectFile\HexaheronFile\hexahedron.h">
      <Filter>03.Object\03-7 Hexahedron</Filter>
    </ClInclude>
    <ClInclude Include="SoundFile\SoundManager.h">
      <Filter>06.Sound\06-1.SoundManager</Filter>
    </ClInclude>
    <ClInclude Include="ObjectFile\BulletFile\Bullet.h">
      <Filter>03.Object\03-8 Bullet</Filter>
    </ClInclude>
    <ClInclude Include="ObjectFile\BulletFile\BulletList.h">
      <Filter>03.Object\03-8 Bullet</Filter>
    </ClInclude>
    <ClInclude Include="ObjectFile\BuildingFile\Building1.h">
      <Filter>03.Object\03-9 Building</Filter>
    </ClInclude>
    <ClInclude Include="ObjectFile\BuildingFile\Building2.h">
      <Filter>03.Object\03-9 Building</Filter>
    </ClInclude>
    <ClInclude Include="ObjectFile\BuildingFile\Building3.h">
      <Filter>03.Object\03-9 Building</Filter>
    </ClInclude>
    <ClInclude Include="ObjectFile\MonsterFile\Monster2.h">
      <Filter>03.Object\03-3.Monster</Filter>
    </ClInclude>
    <ClInclude Include="ObjectFile\MonsterFile\Monster3.h">
      <Filter>03.Object\03-3.Monster</Filter>
    </ClInclude>
    <ClInclude Include="ObjectFile\MonsterFile\Ballon.h">
      <Filter>03.Object\03-3.Monster</Filter>
    </ClInclude>
    <ClInclude Include="ObjectFile\BuildingFile\MapManager.h">
      <Filter>03.Object\03-9 Building</Filter>
    </ClInclude>
    <ClInclude Include="ObjectFile\MonsterFile\MonsterManager.h">
      <Filter>03.Object\03-3.Monster</Filter>
    </ClInclude>
  </ItemGroup>
  <ItemGroup>
    <None Include="CoreFile\ShaderManagerFile\FragmentShader.glsl">
      <Filter>01.Core\01-2_ShaderManager\glslFIle</Filter>
    </None>
    <None Include="CoreFile\ShaderManagerFile\VertexShader.glsl">
      <Filter>01.Core\01-2_ShaderManager\glslFIle</Filter>
    </None>
    <None Include="CoreFile\ShaderManagerFile\FragmentTexture.glsl">
      <Filter>01.Core\01-2_ShaderManager\glslFIle</Filter>
    </None>
    <None Include="CoreFile\ShaderManagerFile\VertexTexture.glsl">
      <Filter>01.Core\01-2_ShaderManager\glslFIle</Filter>
    </None>
  </ItemGroup>
</Project>