<?xml version="1.0" encoding="utf-8"?>
<Project ToolsVersion="4.0" xmlns="http://schemas.microsoft.com/developer/msbuild/2003">
  <ItemGroup>
    <Filter Include="소스 파일">
      <UniqueIdentifier>{4FC737F1-C7A5-4376-A066-2A32D752A2FF}</UniqueIdentifier>
      <Extensions>cpp;c;cc;cxx;c++;cppm;ixx;def;odl;idl;hpj;bat;asm;asmx</Extensions>
    </Filter>
    <Filter Include="헤더 파일">
      <UniqueIdentifier>{93995380-89BD-4b04-88EB-625FBE52EBFB}</UniqueIdentifier>
      <Extensions>h;hh;hpp;hxx;h++;hm;inl;inc;ipp;xsd</Extensions>
    </Filter>
    <Filter Include="리소스 파일">
      <UniqueIdentifier>{67DA6AB6-F800-4c08-8B7A-83BB121AAD01}</UniqueIdentifier>
      <Extensions>rc;ico;cur;bmp;dlg;rc2;rct;bin;rgs;gif;jpg;jpeg;jpe;resx;tiff;tif;png;wav;mfcribbon-ms</Extensions>
    </Filter>
    <Filter Include="02.Scene">
      <UniqueIdentifier>{eef03bf3-9cce-4548-af29-e2cdc13532d4}</UniqueIdentifier>
    </Filter>
    <Filter Include="02.Scene\02-1.SceneManager">
      <UniqueIdentifier>{db01c809-a852-4c18-9a4b-9baf81363792}</UniqueIdentifier>
    </Filter>
    <Filter Include="01.Core">
      <UniqueIdentifier>{95521699-3f21-458a-acf6-f7581a82b4e9}</UniqueIdentifier>
    </Filter>
    <Filter Include="01.Core\01-2_ShaderManager">
      <UniqueIdentifier>{8f5f75e5-b3db-4792-97bb-dbe449333461}</UniqueIdentifier>
    </Filter>
    <Filter Include="01.Core\01-1_Timer">
      <UniqueIdentifier>{49a61a59-f519-40d5-93aa-8c05a03b89a8}</UniqueIdentifier>
    </Filter>
    <Filter Include="01.Core\01-0_Core">
      <UniqueIdentifier>{e7077778-0744-488e-93ce-77f1942441ce}</UniqueIdentifier>
    </Filter>
    <Filter Include="01.Core\01-3_FileManager">
      <UniqueIdentifier>{dd00fc58-00f8-48fe-84cf-5cbb9983b67d}</UniqueIdentifier>
    </Filter>
    <Filter Include="01.Core\01-2_ShaderManager\glslFIle">
      <UniqueIdentifier>{e69ddf80-900c-4780-93ff-44b6a514746a}</UniqueIdentifier>
    </Filter>
    <Filter Include="02.Scene\02-2.Scene">
      <UniqueIdentifier>{6cf686fa-7ca2-44c1-9a0a-db118057f3b6}</UniqueIdentifier>
    </Filter>
    <Filter Include="03.Object">
      <UniqueIdentifier>{eccd36d7-194e-42bd-82c8-1a4111cb4056}</UniqueIdentifier>
    </Filter>
    <Filter Include="04.Camera">
      <UniqueIdentifier>{2609c71d-22fb-4a67-8eba-9f5056abf3a0}</UniqueIdentifier>
    </Filter>
    <Filter Include="05.Light">
      <UniqueIdentifier>{304fc8da-5486-4dfe-ba09-6f459669af40}</UniqueIdentifier>
    </Filter>
  </ItemGroup>
  <ItemGroup>
    <ClCompile Include="CoreFile\CCore.cpp">
      <Filter>01.Core\01-0_Core</Filter>
    </ClCompile>
    <ClCompile Include="CoreFile\TimerFile\Timer.cpp">
      <Filter>01.Core\01-1_Timer</Filter>
    </ClCompile>
    <ClCompile Include="CoreFile\ShaderManagerFile\ShaderManger.cpp">
      <Filter>01.Core\01-2_ShaderManager</Filter>
    </ClCompile>
    <ClCompile Include="CoreFile\FileManagerFile\FileManager.cpp">
      <Filter>01.Core\01-3_FileManager</Filter>
    </ClCompile>
    <ClCompile Include="SceneFile\SceneManager.cpp">
      <Filter>02.Scene\02-1.SceneManager</Filter>
    </ClCompile>
    <ClCompile Include="main.cpp">
      <Filter>소스 파일</Filter>
    </ClCompile>
    <ClCompile Include="SceneFile\Scene.cpp">
      <Filter>02.Scene\02-2.Scene</Filter>
    </ClCompile>
    <ClCompile Include="CameraFile\Camera.cpp">
      <Filter>04.Camera</Filter>
    </ClCompile>
    <ClCompile Include="LightFile\Light.cpp">
      <Filter>05.Light</Filter>
    </ClCompile>
  </ItemGroup>
  <ItemGroup>
    <ClInclude Include="CoreFile\CCore.h">
      <Filter>01.Core\01-0_Core</Filter>
    </ClInclude>
    <ClInclude Include="CoreFile\TimerFile\Timer.h">
      <Filter>01.Core\01-1_Timer</Filter>
    </ClInclude>
    <ClInclude Include="CoreFile\ShaderManagerFile\ShaderManger.h">
      <Filter>01.Core\01-2_ShaderManager</Filter>
    </ClInclude>
    <ClInclude Include="CoreFile\FileManagerFile\FileManager.h">
      <Filter>01.Core\01-3_FileManager</Filter>
    </ClInclude>
    <ClInclude Include="SceneFile\SceneManager.h">
      <Filter>02.Scene\02-1.SceneManager</Filter>
    </ClInclude>
    <ClInclude Include="HeaderFile\Game.h">
      <Filter>헤더 파일</Filter>
    </ClInclude>
    <ClInclude Include="HeaderFile\Macro.h">
      <Filter>헤더 파일</Filter>
    </ClInclude>
    <ClInclude Include="HeaderFile\Types.h">
      <Filter>헤더 파일</Filter>
    </ClInclude>
    <ClInclude Include="SceneFile\Scene.h">
      <Filter>02.Scene\02-2.Scene</Filter>
    </ClInclude>
    <ClInclude Include="CameraFile\Camera.h">
      <Filter>04.Camera</Filter>
    </ClInclude>
    <ClInclude Include="LightFile\Light.h">
      <Filter>05.Light</Filter>
    </ClInclude>
  </ItemGroup>
  <ItemGroup>
    <None Include="CoreFile\ShaderManagerFile\FragmentShader.glsl">
      <Filter>01.Core\01-2_ShaderManager\glslFIle</Filter>
    </None>
    <None Include="CoreFile\ShaderManagerFile\VertexShader.glsl">
      <Filter>01.Core\01-2_ShaderManager\glslFIle</Filter>
    </None>
  </ItemGroup>
</Project>